{
  "version": 4,
  "terraform_version": "1.12.2",
  "serial": 25,
  "lineage": "13baddcd-979a-a1ba-dd9b-5df80c50f59f",
  "outputs": {
    "dns_name_balanceador": {
      "value": "app-load-balancer-1586234634.us-east-1.elb.amazonaws.com",
      "type": "string"
    },
    "ip_publica_mongodb": {
      "value": "No cuenta con una IP pública",
      "type": "string"
    },
    "ip_publica_nat_gateway": {
      "value": "52.73.129.16",
      "type": "string"
    }
  },
  "resources": [
    {
      "module": "module.ami",
      "mode": "managed",
      "type": "null_resource",
      "name": "packer_ami",
      "provider": "provider[\"registry.terraform.io/hashicorp/null\"]",
      "instances": [
        {
          "status": "tainted",
          "schema_version": 0,
          "attributes": {
            "id": "5763598078102177836",
            "triggers": null
          },
          "sensitive_attributes": [],
          "identity_schema_version": 0
        }
      ]
    },
    {
      "module": "module.igw",
      "mode": "managed",
      "type": "aws_internet_gateway",
      "name": "internet_gateway",
      "provider": "provider[\"registry.terraform.io/hashicorp/aws\"]",
      "instances": [
        {
          "schema_version": 0,
          "attributes": {
            "arn": "arn:aws:ec2:us-east-1:351291607117:internet-gateway/igw-0bdb48b36927246ff",
            "id": "igw-0bdb48b36927246ff",
            "owner_id": "351291607117",
            "tags": {
              "Name": "MEAN_igw"
            },
            "tags_all": {
              "Name": "MEAN_igw"
            },
            "timeouts": null,
            "vpc_id": "vpc-07a1740b16911eca8"
          },
          "sensitive_attributes": [],
          "identity_schema_version": 0,
          "private": "eyJlMmJmYjczMC1lY2FhLTExZTYtOGY4OC0zNDM2M2JjN2M0YzAiOnsiY3JlYXRlIjoxMjAwMDAwMDAwMDAwLCJkZWxldGUiOjEyMDAwMDAwMDAwMDAsInVwZGF0ZSI6MTIwMDAwMDAwMDAwMH19",
          "dependencies": [
            "module.network.aws_vpc.vpc"
          ]
        }
      ]
    },
    {
      "module": "module.llave",
      "mode": "managed",
      "type": "aws_key_pair",
      "name": "llave_rsa",
      "provider": "provider[\"registry.terraform.io/hashicorp/aws\"]",
      "instances": [
        {
          "schema_version": 1,
          "attributes": {
            "arn": "arn:aws:ec2:us-east-1:351291607117:key-pair/MEAN_key",
            "fingerprint": "44:33:f9:69:de:f5:2d:14:ae:21:33:f6:5d:74:dc:4f",
            "id": "MEAN_key",
            "key_name": "MEAN_key",
            "key_name_prefix": "",
            "key_pair_id": "key-04f59a8d12be66fcd",
            "key_type": "rsa",
            "public_key": "ssh-rsa AAAAB3NzaC1yc2EAAAADAQABAAABAQDe5FJZvl0et9vgKdW/fTC3q61dWlDo/MJeGZDdKAd61i+2j1i1vMlKe4wTfSyNx/LlJmvvr3fgk9Di0fGC0z4EGYZ9lECavjUmsWxVQhM2/shKdBDoxYuVeH33QlRubYcFPK3Q5aO3PSrIsqDKwyZWcxg8Tj9J3cJdTW/NsJwRaTcMVrx7KsCU/+BdXRs8c2q3V4Vrr4sUSL9gQp2gQfbighTh7HQg01ddT++RJWwr+GptGnEDvKrw/xOOGzKza8J6VdsQIvD5oNWJDqwFY8cfCeTMEFHYpGh2bCHuLOrHuhsvMwkpDgBLHTY70GXbhj+sFvMW7WFmh4mXsJ0DvW4p",
            "tags": null,
            "tags_all": {}
          },
          "sensitive_attributes": [],
          "identity_schema_version": 0,
          "private": "eyJzY2hlbWFfdmVyc2lvbiI6IjEifQ==",
          "dependencies": [
            "module.llave.tls_private_key.ssh_key"
          ]
        }
      ]
    },
    {
      "module": "module.llave",
      "mode": "managed",
      "type": "local_file",
      "name": "llave_privada",
      "provider": "provider[\"registry.terraform.io/hashicorp/local\"]",
      "instances": [
        {
          "schema_version": 0,
          "attributes": {
            "content": "-----BEGIN RSA PRIVATE KEY-----\nMIIEpAIBAAKCAQEA3uRSWb5dHrfb4CnVv30wt6utXVpQ6PzCXhmQ3SgHetYvto9Y\ntbzJSnuME30sjcfy5SZr76934JPQ4tHxgtM+BBmGfZRAmr41JrFsVUITNv7ISnQQ\n6MWLlXh990JUbm2HBTyt0OWjtz0qyLKgysMmVnMYPE4/Sd3CXU1vzbCcEWk3DFa8\neyrAlP/gXV0bPHNqt1eFa6+LFEi/YEKdoEH24oIU4ex0INNXXU/vkSVsK/hqbRpx\nA7yq8P8Tjhsys2vCelXbECLw+aDViQ6sBWPHHwnkzBBR2KRodmwh7izqx7obLzMJ\nKQ4ASx02O9Bl24Y/rBbzFu1hZoeJl7CdA71uKQIDAQABAoIBAExhPX8XZt2x75z/\neQnnopwuLniBDJzqkMiiRiwjHX0QjMUoliOhD/GAKN481Nm5HRk9c1tta8z/mmM/\nwl0semH5RUcfWIwuhhQ+VHta6y67XHN3FpxNpamQ4smqZzh4O/6lboLZTqLqSREB\ndWxGN4sEYde4kKOFZKeIc7muvayRF9zhvxLfEhcRoIJI4prFGY2WW1IxjopzuOqf\nbJBdslyTYw+5HPzZDOS+vGRKQgwwu/9KQUU1vEuvmUUer4TGh2LF3Nrt4Zc5IbjL\nak02b3oLaS45EtDG2bUgBo+/8Y56T4zpP6o8r9EtB6uuidqCsU24uidpKGI42kHY\nNxamCgkCgYEA7HC+hu/ES1guQBp1Biper1FYG5J3/JSBVA5kkpMWqRN/DXv4tK6L\nJoGe8yVFMakaQAvKcoaKcJWSt1GQ5ajrrMDf3BXqLkNk6y9Ta9/ZI/Bo6EIwSW50\n4S7W3EQKFGuKFMGgjdf4XEnX5vqO++lDGSmeBM+rk/f9gzBXt0FsimcCgYEA8VSm\nu2hy9pHWE5NBB8iDzP2hBNi6bqZrNUL0GSSgHPjTkT7rdsoN5iattoK8KHkIbl0j\nNlPluR8IRARGZqBrkJGSonn5VI/D8OT4J5X/CWdFpK3HfYHx8fmd2Qi+E91XJXcR\n5M849E0txbSuEzAEI3kImxv4pUqYYeJzoQkjCO8CgYEApEOT6rVLH7lMsJZw9O6c\nx5pw5v70Q1N9IkO5laeA18hGvbyCRiz5WbA2GOCs2NqN9S774GMebSdNPfT6AMRB\nr8xz+jhzcN67jzVa9JgZCIHusGXDnFCT/RoIhhDzG8q2rML043bHAn7+82bhzZv6\nVNH4CYmpv2xMAUeluRhH60MCgYAj2ujexTj3a1l8FQ+/YUo7xZ8LwkuIrw8Unbr4\nlVl4lHuSg9+mCYUhIbQDfs8H0FuxUgMuSi7CX1ryCBSRoNn6Y7Z+j1K8/pMlEk/Q\nSdfXhNFzEyKlgg35XpXWLhdXijYtadBtx1/15BWd3ydR0Ht87bmamgBKRpf3SxbU\n4S+kXwKBgQCfccUcRwu8gPxdzODgj9kWoJylT148tiPX7HF0hfuWav+U31EyXO38\nwzNw2RDR/Mt8NKBKvm8oJ8wRySSxJlGOI/sZVtP9N2I2S/KkGIOZqX8/cPu2UMPn\nKzNJh6cXTYnWqIIIHVOP9BrH/2m5Q6MhjTa0urrs14UqC4Am1nKHjg==\n-----END RSA PRIVATE KEY-----\n",
            "content_base64": null,
            "content_base64sha256": "D6DoEmOXRAWxevKkqmeirLbr9qqiEMLLJKcF+5LDiX8=",
            "content_base64sha512": "X7pVvQe0jl0sEm9+8kSmM4//QxewiE+8X9I7wA7btd+53nlOlmONZo4l3dBUHrUANONRmLWTlJOFcrzdhzwbNQ==",
            "content_md5": "bb7d79b1060d0a5c4cccb31a9abcf202",
            "content_sha1": "f1c1b3e32a9734e92fc05b860231cfdf9802389a",
            "content_sha256": "0fa0e81263974405b17af2a4aa67a2acb6ebf6aaa210c2cb24a705fb92c3897f",
            "content_sha512": "5fba55bd07b48e5d2c126f7ef244a6338fff4317b0884fbc5fd23bc00edbb5dfb9de794e96638d668e25ddd0541eb50034e35198b59394938572bcdd873c1b35",
            "directory_permission": "0777",
            "file_permission": "0777",
            "filename": "modules/llave/id_rsa",
            "id": "f1c1b3e32a9734e92fc05b860231cfdf9802389a",
            "sensitive_content": null,
            "source": null
          },
          "sensitive_attributes": [
            [
              {
                "type": "get_attr",
                "value": "content"
              }
            ],
            [
              {
                "type": "get_attr",
                "value": "sensitive_content"
              }
            ]
          ],
          "identity_schema_version": 0,
          "dependencies": [
            "module.llave.tls_private_key.ssh_key"
          ]
        }
      ]
    },
    {
      "module": "module.llave",
      "mode": "managed",
      "type": "null_resource",
      "name": "permiso_llave",
      "provider": "provider[\"registry.terraform.io/hashicorp/null\"]",
      "instances": [
        {
          "schema_version": 0,
          "attributes": {
            "id": "2201582181222602120",
            "triggers": null
          },
          "sensitive_attributes": [],
          "identity_schema_version": 0,
          "dependencies": [
            "module.llave.local_file.llave_privada",
            "module.llave.tls_private_key.ssh_key"
          ]
        }
      ]
    },
    {
      "module": "module.llave",
      "mode": "managed",
      "type": "tls_private_key",
      "name": "ssh_key",
      "provider": "provider[\"registry.terraform.io/hashicorp/tls\"]",
      "instances": [
        {
          "schema_version": 1,
          "attributes": {
            "algorithm": "RSA",
            "ecdsa_curve": "P224",
            "id": "85ef52bff2ff00b5b7cbf8b208edd674d840fb01",
            "private_key_openssh": "-----BEGIN OPENSSH PRIVATE KEY-----\nb3BlbnNzaC1rZXktdjEAAAAABG5vbmUAAAAEbm9uZQAAAAAAAAABAAABFwAAAAdz\nc2gtcnNhAAAAAwEAAQAAAQEA3uRSWb5dHrfb4CnVv30wt6utXVpQ6PzCXhmQ3SgH\netYvto9YtbzJSnuME30sjcfy5SZr76934JPQ4tHxgtM+BBmGfZRAmr41JrFsVUIT\nNv7ISnQQ6MWLlXh990JUbm2HBTyt0OWjtz0qyLKgysMmVnMYPE4/Sd3CXU1vzbCc\nEWk3DFa8eyrAlP/gXV0bPHNqt1eFa6+LFEi/YEKdoEH24oIU4ex0INNXXU/vkSVs\nK/hqbRpxA7yq8P8Tjhsys2vCelXbECLw+aDViQ6sBWPHHwnkzBBR2KRodmwh7izq\nx7obLzMJKQ4ASx02O9Bl24Y/rBbzFu1hZoeJl7CdA71uKQAAA7iSdBe3knQXtwAA\nAAdzc2gtcnNhAAABAQDe5FJZvl0et9vgKdW/fTC3q61dWlDo/MJeGZDdKAd61i+2\nj1i1vMlKe4wTfSyNx/LlJmvvr3fgk9Di0fGC0z4EGYZ9lECavjUmsWxVQhM2/shK\ndBDoxYuVeH33QlRubYcFPK3Q5aO3PSrIsqDKwyZWcxg8Tj9J3cJdTW/NsJwRaTcM\nVrx7KsCU/+BdXRs8c2q3V4Vrr4sUSL9gQp2gQfbighTh7HQg01ddT++RJWwr+Gpt\nGnEDvKrw/xOOGzKza8J6VdsQIvD5oNWJDqwFY8cfCeTMEFHYpGh2bCHuLOrHuhsv\nMwkpDgBLHTY70GXbhj+sFvMW7WFmh4mXsJ0DvW4pAAAAAwEAAQAAAQBMYT1/F2bd\nse+c/3kJ56KcLi54gQyc6pDIokYsIx19EIzFKJYjoQ/xgCjePNTZuR0ZPXNbbWvM\n/5pjP8JdLHph+UVHH1iMLoYUPlR7Wusuu1xzdxacTaWpkOLJqmc4eDv+pW6C2U6i\n6kkRAXVsRjeLBGHXuJCjhWSniHO5rr2skRfc4b8S3xIXEaCCSOKaxRmNlltSMY6K\nc7jqn2yQXbJck2MPuRz82QzkvrxkSkIMMLv/SkFFNbxLr5lFHq+Exodixdza7eGX\nOSG4y2pNNm96C2kuORLQxtm1IAaPv/GOek+M6T+qPK/RLQerronagrFNuLonaShi\nONpB2DcWpgoJAAAAgQCfccUcRwu8gPxdzODgj9kWoJylT148tiPX7HF0hfuWav+U\n31EyXO38wzNw2RDR/Mt8NKBKvm8oJ8wRySSxJlGOI/sZVtP9N2I2S/KkGIOZqX8/\ncPu2UMPnKzNJh6cXTYnWqIIIHVOP9BrH/2m5Q6MhjTa0urrs14UqC4Am1nKHjgAA\nAIEA7HC+hu/ES1guQBp1Biper1FYG5J3/JSBVA5kkpMWqRN/DXv4tK6LJoGe8yVF\nMakaQAvKcoaKcJWSt1GQ5ajrrMDf3BXqLkNk6y9Ta9/ZI/Bo6EIwSW504S7W3EQK\nFGuKFMGgjdf4XEnX5vqO++lDGSmeBM+rk/f9gzBXt0FsimcAAACBAPFUprtocvaR\n1hOTQQfIg8z9oQTYum6mazVC9BkkoBz405E+63bKDeYmrbaCvCh5CG5dIzZT5bkf\nCEQERmaga5CRkqJ5+VSPw/Dk+CeV/wlnRaStx32B8fH5ndkIvhPdVyV3EeTPOPRN\nLcW0rhMwBCN5CJsb+KVKmGHic6EJIwjvAAAAAAEC\n-----END OPENSSH PRIVATE KEY-----\n",
            "private_key_pem": "-----BEGIN RSA PRIVATE KEY-----\nMIIEpAIBAAKCAQEA3uRSWb5dHrfb4CnVv30wt6utXVpQ6PzCXhmQ3SgHetYvto9Y\ntbzJSnuME30sjcfy5SZr76934JPQ4tHxgtM+BBmGfZRAmr41JrFsVUITNv7ISnQQ\n6MWLlXh990JUbm2HBTyt0OWjtz0qyLKgysMmVnMYPE4/Sd3CXU1vzbCcEWk3DFa8\neyrAlP/gXV0bPHNqt1eFa6+LFEi/YEKdoEH24oIU4ex0INNXXU/vkSVsK/hqbRpx\nA7yq8P8Tjhsys2vCelXbECLw+aDViQ6sBWPHHwnkzBBR2KRodmwh7izqx7obLzMJ\nKQ4ASx02O9Bl24Y/rBbzFu1hZoeJl7CdA71uKQIDAQABAoIBAExhPX8XZt2x75z/\neQnnopwuLniBDJzqkMiiRiwjHX0QjMUoliOhD/GAKN481Nm5HRk9c1tta8z/mmM/\nwl0semH5RUcfWIwuhhQ+VHta6y67XHN3FpxNpamQ4smqZzh4O/6lboLZTqLqSREB\ndWxGN4sEYde4kKOFZKeIc7muvayRF9zhvxLfEhcRoIJI4prFGY2WW1IxjopzuOqf\nbJBdslyTYw+5HPzZDOS+vGRKQgwwu/9KQUU1vEuvmUUer4TGh2LF3Nrt4Zc5IbjL\nak02b3oLaS45EtDG2bUgBo+/8Y56T4zpP6o8r9EtB6uuidqCsU24uidpKGI42kHY\nNxamCgkCgYEA7HC+hu/ES1guQBp1Biper1FYG5J3/JSBVA5kkpMWqRN/DXv4tK6L\nJoGe8yVFMakaQAvKcoaKcJWSt1GQ5ajrrMDf3BXqLkNk6y9Ta9/ZI/Bo6EIwSW50\n4S7W3EQKFGuKFMGgjdf4XEnX5vqO++lDGSmeBM+rk/f9gzBXt0FsimcCgYEA8VSm\nu2hy9pHWE5NBB8iDzP2hBNi6bqZrNUL0GSSgHPjTkT7rdsoN5iattoK8KHkIbl0j\nNlPluR8IRARGZqBrkJGSonn5VI/D8OT4J5X/CWdFpK3HfYHx8fmd2Qi+E91XJXcR\n5M849E0txbSuEzAEI3kImxv4pUqYYeJzoQkjCO8CgYEApEOT6rVLH7lMsJZw9O6c\nx5pw5v70Q1N9IkO5laeA18hGvbyCRiz5WbA2GOCs2NqN9S774GMebSdNPfT6AMRB\nr8xz+jhzcN67jzVa9JgZCIHusGXDnFCT/RoIhhDzG8q2rML043bHAn7+82bhzZv6\nVNH4CYmpv2xMAUeluRhH60MCgYAj2ujexTj3a1l8FQ+/YUo7xZ8LwkuIrw8Unbr4\nlVl4lHuSg9+mCYUhIbQDfs8H0FuxUgMuSi7CX1ryCBSRoNn6Y7Z+j1K8/pMlEk/Q\nSdfXhNFzEyKlgg35XpXWLhdXijYtadBtx1/15BWd3ydR0Ht87bmamgBKRpf3SxbU\n4S+kXwKBgQCfccUcRwu8gPxdzODgj9kWoJylT148tiPX7HF0hfuWav+U31EyXO38\nwzNw2RDR/Mt8NKBKvm8oJ8wRySSxJlGOI/sZVtP9N2I2S/KkGIOZqX8/cPu2UMPn\nKzNJh6cXTYnWqIIIHVOP9BrH/2m5Q6MhjTa0urrs14UqC4Am1nKHjg==\n-----END RSA PRIVATE KEY-----\n",
            "private_key_pem_pkcs8": "-----BEGIN PRIVATE KEY-----\nMIIEvgIBADANBgkqhkiG9w0BAQEFAASCBKgwggSkAgEAAoIBAQDe5FJZvl0et9vg\nKdW/fTC3q61dWlDo/MJeGZDdKAd61i+2j1i1vMlKe4wTfSyNx/LlJmvvr3fgk9Di\n0fGC0z4EGYZ9lECavjUmsWxVQhM2/shKdBDoxYuVeH33QlRubYcFPK3Q5aO3PSrI\nsqDKwyZWcxg8Tj9J3cJdTW/NsJwRaTcMVrx7KsCU/+BdXRs8c2q3V4Vrr4sUSL9g\nQp2gQfbighTh7HQg01ddT++RJWwr+GptGnEDvKrw/xOOGzKza8J6VdsQIvD5oNWJ\nDqwFY8cfCeTMEFHYpGh2bCHuLOrHuhsvMwkpDgBLHTY70GXbhj+sFvMW7WFmh4mX\nsJ0DvW4pAgMBAAECggEATGE9fxdm3bHvnP95CeeinC4ueIEMnOqQyKJGLCMdfRCM\nxSiWI6EP8YAo3jzU2bkdGT1zW21rzP+aYz/CXSx6YflFRx9YjC6GFD5Ue1rrLrtc\nc3cWnE2lqZDiyapnOHg7/qVugtlOoupJEQF1bEY3iwRh17iQo4Vkp4hzua69rJEX\n3OG/Et8SFxGggkjimsUZjZZbUjGOinO46p9skF2yXJNjD7kc/NkM5L68ZEpCDDC7\n/0pBRTW8S6+ZRR6vhMaHYsXc2u3hlzkhuMtqTTZvegtpLjkS0MbZtSAGj7/xjnpP\njOk/qjyv0S0Hq66J2oKxTbi6J2koYjjaQdg3FqYKCQKBgQDscL6G78RLWC5AGnUG\nKl6vUVgbknf8lIFUDmSSkxapE38Ne/i0rosmgZ7zJUUxqRpAC8pyhopwlZK3UZDl\nqOuswN/cFeouQ2TrL1Nr39kj8GjoQjBJbnThLtbcRAoUa4oUwaCN1/hcSdfm+o77\n6UMZKZ4Ez6uT9/2DMFe3QWyKZwKBgQDxVKa7aHL2kdYTk0EHyIPM/aEE2Lpupms1\nQvQZJKAc+NORPut2yg3mJq22grwoeQhuXSM2U+W5HwhEBEZmoGuQkZKieflUj8Pw\n5Pgnlf8JZ0Wkrcd9gfHx+Z3ZCL4T3VcldxHkzzj0TS3FtK4TMAQjeQibG/ilSphh\n4nOhCSMI7wKBgQCkQ5PqtUsfuUywlnD07pzHmnDm/vRDU30iQ7mVp4DXyEa9vIJG\nLPlZsDYY4KzY2o31LvvgYx5tJ0099PoAxEGvzHP6OHNw3ruPNVr0mBkIge6wZcOc\nUJP9GgiGEPMbyraswvTjdscCfv7zZuHNm/pU0fgJiam/bEwBR6W5GEfrQwKBgCPa\n6N7FOPdrWXwVD79hSjvFnwvCS4ivDxSduviVWXiUe5KD36YJhSEhtAN+zwfQW7FS\nAy5KLsJfWvIIFJGg2fpjtn6PUrz+kyUST9BJ19eE0XMTIqWCDfleldYuF1eKNi1p\n0G3HX/XkFZ3fJ1HQe3ztuZqaAEpGl/dLFtThL6RfAoGBAJ9xxRxHC7yA/F3M4OCP\n2RagnKVPXjy2I9fscXSF+5Zq/5TfUTJc7fzDM3DZENH8y3w0oEq+bygnzBHJJLEm\nUY4j+xlW0/03YjZL8qQYg5mpfz9w+7ZQw+crM0mHpxdNidaogggdU4/0Gsf/ablD\noyGNNrS6uuzXhSoLgCbWcoeO\n-----END PRIVATE KEY-----\n",
            "public_key_fingerprint_md5": "b0:43:98:c2:19:2c:df:fc:d4:2f:44:24:d1:ae:86:7b",
            "public_key_fingerprint_sha256": "SHA256:UUg8MiwWZp0IeAEz5ZcQRfoNtRpZU9DS7VZIeRiS20E",
            "public_key_openssh": "ssh-rsa AAAAB3NzaC1yc2EAAAADAQABAAABAQDe5FJZvl0et9vgKdW/fTC3q61dWlDo/MJeGZDdKAd61i+2j1i1vMlKe4wTfSyNx/LlJmvvr3fgk9Di0fGC0z4EGYZ9lECavjUmsWxVQhM2/shKdBDoxYuVeH33QlRubYcFPK3Q5aO3PSrIsqDKwyZWcxg8Tj9J3cJdTW/NsJwRaTcMVrx7KsCU/+BdXRs8c2q3V4Vrr4sUSL9gQp2gQfbighTh7HQg01ddT++RJWwr+GptGnEDvKrw/xOOGzKza8J6VdsQIvD5oNWJDqwFY8cfCeTMEFHYpGh2bCHuLOrHuhsvMwkpDgBLHTY70GXbhj+sFvMW7WFmh4mXsJ0DvW4p\n",
            "public_key_pem": "-----BEGIN PUBLIC KEY-----\nMIIBIjANBgkqhkiG9w0BAQEFAAOCAQ8AMIIBCgKCAQEA3uRSWb5dHrfb4CnVv30w\nt6utXVpQ6PzCXhmQ3SgHetYvto9YtbzJSnuME30sjcfy5SZr76934JPQ4tHxgtM+\nBBmGfZRAmr41JrFsVUITNv7ISnQQ6MWLlXh990JUbm2HBTyt0OWjtz0qyLKgysMm\nVnMYPE4/Sd3CXU1vzbCcEWk3DFa8eyrAlP/gXV0bPHNqt1eFa6+LFEi/YEKdoEH2\n4oIU4ex0INNXXU/vkSVsK/hqbRpxA7yq8P8Tjhsys2vCelXbECLw+aDViQ6sBWPH\nHwnkzBBR2KRodmwh7izqx7obLzMJKQ4ASx02O9Bl24Y/rBbzFu1hZoeJl7CdA71u\nKQIDAQAB\n-----END PUBLIC KEY-----\n",
            "rsa_bits": 2048
          },
          "sensitive_attributes": [
            [
              {
                "type": "get_attr",
                "value": "private_key_openssh"
              }
            ],
            [
              {
                "type": "get_attr",
                "value": "private_key_pem"
              }
            ],
            [
              {
                "type": "get_attr",
                "value": "private_key_pem_pkcs8"
              }
            ]
          ],
          "identity_schema_version": 0
        }
      ]
    },
    {
      "module": "module.load_balancer",
      "mode": "managed",
      "type": "aws_lb",
      "name": "app_lb",
      "provider": "provider[\"registry.terraform.io/hashicorp/aws\"]",
      "instances": [
        {
          "schema_version": 0,
          "attributes": {
            "access_logs": [
              {
                "bucket": "",
                "enabled": false,
                "prefix": ""
              }
            ],
            "arn": "arn:aws:elasticloadbalancing:us-east-1:351291607117:loadbalancer/app/app-load-balancer/091b1dc391cfd7c6",
            "arn_suffix": "app/app-load-balancer/091b1dc391cfd7c6",
            "client_keep_alive": 3600,
            "connection_logs": [
              {
                "bucket": "",
                "enabled": false,
                "prefix": ""
              }
            ],
            "customer_owned_ipv4_pool": "",
            "desync_mitigation_mode": "defensive",
            "dns_name": "app-load-balancer-1586234634.us-east-1.elb.amazonaws.com",
            "dns_record_client_routing_policy": null,
            "drop_invalid_header_fields": false,
            "enable_cross_zone_load_balancing": true,
            "enable_deletion_protection": false,
            "enable_http2": true,
            "enable_tls_version_and_cipher_suite_headers": false,
            "enable_waf_fail_open": false,
            "enable_xff_client_port": false,
            "enable_zonal_shift": false,
            "enforce_security_group_inbound_rules_on_private_link_traffic": "",
            "id": "arn:aws:elasticloadbalancing:us-east-1:351291607117:loadbalancer/app/app-load-balancer/091b1dc391cfd7c6",
            "idle_timeout": 60,
            "internal": false,
            "ip_address_type": "ipv4",
            "ipam_pools": [],
            "load_balancer_type": "application",
            "minimum_load_balancer_capacity": [],
            "name": "app-load-balancer",
            "name_prefix": "",
            "preserve_host_header": false,
            "security_groups": [
              "sg-0e43f31f26b65a321"
            ],
            "subnet_mapping": [
              {
                "allocation_id": "",
                "ipv6_address": "",
                "outpost_id": "",
                "private_ipv4_address": "",
                "subnet_id": "subnet-016aef76ab61c2b68"
              },
              {
                "allocation_id": "",
                "ipv6_address": "",
                "outpost_id": "",
                "private_ipv4_address": "",
                "subnet_id": "subnet-07424c8d6397ea143"
              }
            ],
            "subnets": [
              "subnet-016aef76ab61c2b68",
              "subnet-07424c8d6397ea143"
            ],
            "tags": {
              "Name": "app-load-balancer"
            },
            "tags_all": {
              "Name": "app-load-balancer"
            },
            "timeouts": null,
            "vpc_id": "vpc-07a1740b16911eca8",
            "xff_header_processing_mode": "append",
            "zone_id": "Z35SXDOTRQ7X7K"
          },
          "sensitive_attributes": [],
          "identity_schema_version": 0,
          "private": "eyJlMmJmYjczMC1lY2FhLTExZTYtOGY4OC0zNDM2M2JjN2M0YzAiOnsiY3JlYXRlIjo2MDAwMDAwMDAwMDAsImRlbGV0ZSI6NjAwMDAwMDAwMDAwLCJ1cGRhdGUiOjYwMDAwMDAwMDAwMH19",
          "dependencies": [
            "module.network.aws_subnet.public_subnets",
            "module.network.aws_vpc.vpc",
            "module.network.data.aws_availability_zones.available",
            "module.security.aws_security_group.mean_sg"
          ]
        }
      ]
    },
    {
      "module": "module.load_balancer",
      "mode": "managed",
      "type": "aws_lb_listener",
      "name": "http_listener",
      "provider": "provider[\"registry.terraform.io/hashicorp/aws\"]",
      "instances": [
        {
          "schema_version": 0,
          "attributes": {
            "alpn_policy": null,
            "arn": "arn:aws:elasticloadbalancing:us-east-1:351291607117:listener/app/app-load-balancer/091b1dc391cfd7c6/97099c8c013e8b79",
            "certificate_arn": null,
            "default_action": [
              {
                "authenticate_cognito": [],
                "authenticate_oidc": [],
                "fixed_response": [],
                "forward": [],
                "order": 1,
                "redirect": [],
                "target_group_arn": "arn:aws:elasticloadbalancing:us-east-1:351291607117:targetgroup/app-load-balancer-target-group/2b5b5577f684a4f3",
                "type": "forward"
              }
            ],
            "id": "arn:aws:elasticloadbalancing:us-east-1:351291607117:listener/app/app-load-balancer/091b1dc391cfd7c6/97099c8c013e8b79",
            "load_balancer_arn": "arn:aws:elasticloadbalancing:us-east-1:351291607117:loadbalancer/app/app-load-balancer/091b1dc391cfd7c6",
            "mutual_authentication": [],
            "port": 80,
            "protocol": "HTTP",
            "routing_http_request_x_amzn_mtls_clientcert_header_name": null,
            "routing_http_request_x_amzn_mtls_clientcert_issuer_header_name": null,
            "routing_http_request_x_amzn_mtls_clientcert_leaf_header_name": null,
            "routing_http_request_x_amzn_mtls_clientcert_serial_number_header_name": null,
            "routing_http_request_x_amzn_mtls_clientcert_subject_header_name": null,
            "routing_http_request_x_amzn_mtls_clientcert_validity_header_name": null,
            "routing_http_request_x_amzn_tls_cipher_suite_header_name": null,
            "routing_http_request_x_amzn_tls_version_header_name": null,
            "routing_http_response_access_control_allow_credentials_header_value": "",
            "routing_http_response_access_control_allow_headers_header_value": "",
            "routing_http_response_access_control_allow_methods_header_value": "",
            "routing_http_response_access_control_allow_origin_header_value": "",
            "routing_http_response_access_control_expose_headers_header_value": "",
            "routing_http_response_access_control_max_age_header_value": "",
            "routing_http_response_content_security_policy_header_value": "",
            "routing_http_response_server_enabled": true,
            "routing_http_response_strict_transport_security_header_value": "",
            "routing_http_response_x_content_type_options_header_value": "",
            "routing_http_response_x_frame_options_header_value": "",
            "ssl_policy": "",
            "tags": null,
            "tags_all": {},
            "tcp_idle_timeout_seconds": null,
            "timeouts": null
          },
          "sensitive_attributes": [],
          "identity_schema_version": 0,
          "private": "eyJlMmJmYjczMC1lY2FhLTExZTYtOGY4OC0zNDM2M2JjN2M0YzAiOnsiY3JlYXRlIjozMDAwMDAwMDAwMDAsInVwZGF0ZSI6MzAwMDAwMDAwMDAwfX0=",
          "dependencies": [
            "module.load_balancer.aws_lb.app_lb",
            "module.load_balancer.aws_lb_target_group.app_target_group",
            "module.network.aws_subnet.public_subnets",
            "module.network.aws_vpc.vpc",
            "module.network.data.aws_availability_zones.available",
            "module.security.aws_security_group.mean_sg"
          ]
        }
      ]
    },
    {
      "module": "module.load_balancer",
      "mode": "managed",
      "type": "aws_lb_target_group",
      "name": "app_target_group",
      "provider": "provider[\"registry.terraform.io/hashicorp/aws\"]",
      "instances": [
        {
          "schema_version": 0,
          "attributes": {
            "arn": "arn:aws:elasticloadbalancing:us-east-1:351291607117:targetgroup/app-load-balancer-target-group/2b5b5577f684a4f3",
            "arn_suffix": "targetgroup/app-load-balancer-target-group/2b5b5577f684a4f3",
            "connection_termination": null,
            "deregistration_delay": "300",
            "health_check": [
              {
                "enabled": true,
                "healthy_threshold": 2,
                "interval": 30,
                "matcher": "200",
                "path": "/",
                "port": "traffic-port",
                "protocol": "HTTP",
                "timeout": 5,
                "unhealthy_threshold": 2
              }
            ],
            "id": "arn:aws:elasticloadbalancing:us-east-1:351291607117:targetgroup/app-load-balancer-target-group/2b5b5577f684a4f3",
            "ip_address_type": "ipv4",
            "lambda_multi_value_headers_enabled": false,
            "load_balancer_arns": [],
            "load_balancing_algorithm_type": "round_robin",
            "load_balancing_anomaly_mitigation": "off",
            "load_balancing_cross_zone_enabled": "use_load_balancer_configuration",
            "name": "app-load-balancer-target-group",
            "name_prefix": "",
            "port": 80,
            "preserve_client_ip": null,
            "protocol": "HTTP",
            "protocol_version": "HTTP1",
            "proxy_protocol_v2": false,
            "slow_start": 0,
            "stickiness": [
              {
                "cookie_duration": 5,
                "cookie_name": "",
                "enabled": true,
                "type": "lb_cookie"
              }
            ],
            "tags": {
              "Name": "app-load-balancer-target-group"
            },
            "tags_all": {
              "Name": "app-load-balancer-target-group"
            },
            "target_failover": [
              {
                "on_deregistration": null,
                "on_unhealthy": null
              }
            ],
            "target_group_health": [
              {
                "dns_failover": [
                  {
                    "minimum_healthy_targets_count": "1",
                    "minimum_healthy_targets_percentage": "off"
                  }
                ],
                "unhealthy_state_routing": [
                  {
                    "minimum_healthy_targets_count": 1,
                    "minimum_healthy_targets_percentage": "off"
                  }
                ]
              }
            ],
            "target_health_state": [
              {
                "enable_unhealthy_connection_termination": null,
                "unhealthy_draining_interval": null
              }
            ],
            "target_type": "instance",
            "vpc_id": "vpc-07a1740b16911eca8"
          },
          "sensitive_attributes": [],
          "identity_schema_version": 0,
          "private": "bnVsbA==",
          "dependencies": [
            "module.network.aws_vpc.vpc"
          ]
        }
      ]
    },
    {
      "module": "module.network",
      "mode": "data",
      "type": "aws_availability_zones",
      "name": "available",
      "provider": "provider[\"registry.terraform.io/hashicorp/aws\"]",
      "instances": [
        {
          "schema_version": 0,
          "attributes": {
            "all_availability_zones": null,
            "exclude_names": null,
            "exclude_zone_ids": null,
            "filter": null,
            "group_names": [
              "us-east-1-zg-1"
            ],
            "id": "us-east-1",
            "names": [
              "us-east-1a",
              "us-east-1b",
              "us-east-1c",
              "us-east-1d",
              "us-east-1e",
              "us-east-1f"
            ],
            "state": null,
            "timeouts": null,
            "zone_ids": [
              "use1-az6",
              "use1-az1",
              "use1-az2",
              "use1-az4",
              "use1-az3",
              "use1-az5"
            ]
          },
          "sensitive_attributes": [],
          "identity_schema_version": 0
        }
      ]
    },
    {
      "module": "module.network",
      "mode": "data",
      "type": "aws_region",
      "name": "current",
      "provider": "provider[\"registry.terraform.io/hashicorp/aws\"]",
      "instances": [
        {
          "schema_version": 0,
          "attributes": {
            "description": "US East (N. Virginia)",
            "endpoint": "ec2.us-east-1.amazonaws.com",
            "id": "us-east-1",
            "name": "us-east-1"
          },
          "sensitive_attributes": [],
          "identity_schema_version": 0
        }
      ]
    },
    {
      "module": "module.network",
      "mode": "managed",
      "type": "aws_eip",
      "name": "nat_gateway_eip",
      "provider": "provider[\"registry.terraform.io/hashicorp/aws\"]",
      "instances": [
        {
          "schema_version": 0,
          "attributes": {
            "address": null,
            "allocation_id": "eipalloc-07eb6aaeb87fceb43",
            "arn": "arn:aws:ec2:us-east-1:351291607117:elastic-ip/eipalloc-07eb6aaeb87fceb43",
            "associate_with_private_ip": null,
            "association_id": "",
            "carrier_ip": "",
            "customer_owned_ip": "",
            "customer_owned_ipv4_pool": "",
            "domain": "vpc",
            "id": "eipalloc-07eb6aaeb87fceb43",
            "instance": "",
            "ipam_pool_id": null,
            "network_border_group": "us-east-1",
            "network_interface": "",
            "private_dns": null,
            "private_ip": "",
            "ptr_record": "",
            "public_dns": "ec2-52-73-129-16.compute-1.amazonaws.com",
            "public_ip": "52.73.129.16",
            "public_ipv4_pool": "amazon",
            "tags": {
              "Name": "nat_eip"
            },
            "tags_all": {
              "Name": "nat_eip"
            },
            "timeouts": null,
            "vpc": true
          },
          "sensitive_attributes": [],
          "identity_schema_version": 0,
          "private": "eyJlMmJmYjczMC1lY2FhLTExZTYtOGY4OC0zNDM2M2JjN2M0YzAiOnsiZGVsZXRlIjoxODAwMDAwMDAwMDAsInJlYWQiOjkwMDAwMDAwMDAwMCwidXBkYXRlIjozMDAwMDAwMDAwMDB9fQ==",
          "dependencies": [
            "module.network.aws_subnet.private_subnet",
            "module.network.aws_vpc.vpc"
          ]
        }
      ]
    },
    {
      "module": "module.network",
      "mode": "managed",
      "type": "aws_nat_gateway",
      "name": "nat_gateway",
      "provider": "provider[\"registry.terraform.io/hashicorp/aws\"]",
      "instances": [
        {
          "schema_version": 0,
          "attributes": {
            "allocation_id": "eipalloc-07eb6aaeb87fceb43",
            "association_id": "eipassoc-0653e3370f5daf276",
            "connectivity_type": "public",
            "id": "nat-01bc156f97bef3433",
            "network_interface_id": "eni-0367a7b1b68b0f2f0",
            "private_ip": "10.0.101.138",
            "public_ip": "52.73.129.16",
            "secondary_allocation_ids": null,
            "secondary_private_ip_address_count": 0,
            "secondary_private_ip_addresses": [],
            "subnet_id": "subnet-07424c8d6397ea143",
            "tags": {
              "Name": "nat_gateway"
            },
            "tags_all": {
              "Name": "nat_gateway"
            },
            "timeouts": null
          },
          "sensitive_attributes": [],
          "identity_schema_version": 0,
          "private": "eyJlMmJmYjczMC1lY2FhLTExZTYtOGY4OC0zNDM2M2JjN2M0YzAiOnsiY3JlYXRlIjo2MDAwMDAwMDAwMDAsImRlbGV0ZSI6MTgwMDAwMDAwMDAwMCwidXBkYXRlIjo2MDAwMDAwMDAwMDB9fQ==",
          "dependencies": [
            "module.network.aws_eip.nat_gateway_eip",
            "module.network.aws_subnet.private_subnet",
            "module.network.aws_subnet.public_subnets",
            "module.network.aws_vpc.vpc",
            "module.network.data.aws_availability_zones.available"
          ]
        }
      ]
    },
    {
      "module": "module.network",
      "mode": "managed",
      "type": "aws_route_table",
      "name": "private_route_table",
      "provider": "provider[\"registry.terraform.io/hashicorp/aws\"]",
      "instances": [
        {
          "schema_version": 0,
          "attributes": {
            "arn": "arn:aws:ec2:us-east-1:351291607117:route-table/rtb-0fd4ad1bdfdf3916d",
            "id": "rtb-0fd4ad1bdfdf3916d",
            "owner_id": "351291607117",
            "propagating_vgws": [],
            "route": [
              {
                "carrier_gateway_id": "",
                "cidr_block": "0.0.0.0/0",
                "core_network_arn": "",
                "destination_prefix_list_id": "",
                "egress_only_gateway_id": "",
                "gateway_id": "",
                "ipv6_cidr_block": "",
                "local_gateway_id": "",
                "nat_gateway_id": "nat-01bc156f97bef3433",
                "network_interface_id": "",
                "transit_gateway_id": "",
                "vpc_endpoint_id": "",
                "vpc_peering_connection_id": ""
              }
            ],
            "tags": {
              "Name": "private_rtb"
            },
            "tags_all": {
              "Name": "private_rtb"
            },
            "timeouts": null,
            "vpc_id": "vpc-07a1740b16911eca8"
          },
          "sensitive_attributes": [],
          "identity_schema_version": 0,
          "private": "eyJlMmJmYjczMC1lY2FhLTExZTYtOGY4OC0zNDM2M2JjN2M0YzAiOnsiY3JlYXRlIjozMDAwMDAwMDAwMDAsImRlbGV0ZSI6MzAwMDAwMDAwMDAwLCJ1cGRhdGUiOjEyMDAwMDAwMDAwMH19",
          "dependencies": [
            "module.network.aws_eip.nat_gateway_eip",
            "module.network.aws_nat_gateway.nat_gateway",
            "module.network.aws_subnet.private_subnet",
            "module.network.aws_subnet.public_subnets",
            "module.network.aws_vpc.vpc",
            "module.network.data.aws_availability_zones.available"
          ]
        }
      ]
    },
    {
      "module": "module.network",
      "mode": "managed",
      "type": "aws_route_table",
      "name": "public_route_table",
      "provider": "provider[\"registry.terraform.io/hashicorp/aws\"]",
      "instances": [
        {
          "schema_version": 0,
          "attributes": {
            "arn": "arn:aws:ec2:us-east-1:351291607117:route-table/rtb-0649a9300477c49cb",
            "id": "rtb-0649a9300477c49cb",
            "owner_id": "351291607117",
            "propagating_vgws": [],
            "route": [
              {
                "carrier_gateway_id": "",
                "cidr_block": "0.0.0.0/0",
                "core_network_arn": "",
                "destination_prefix_list_id": "",
                "egress_only_gateway_id": "",
                "gateway_id": "igw-0bdb48b36927246ff",
                "ipv6_cidr_block": "",
                "local_gateway_id": "",
                "nat_gateway_id": "",
                "network_interface_id": "",
                "transit_gateway_id": "",
                "vpc_endpoint_id": "",
                "vpc_peering_connection_id": ""
              }
            ],
            "tags": {
              "Name": "demo_public_rtb",
              "Terraform": "true"
            },
            "tags_all": {
              "Name": "demo_public_rtb",
              "Terraform": "true"
            },
            "timeouts": null,
            "vpc_id": "vpc-07a1740b16911eca8"
          },
          "sensitive_attributes": [],
          "identity_schema_version": 0,
          "private": "eyJlMmJmYjczMC1lY2FhLTExZTYtOGY4OC0zNDM2M2JjN2M0YzAiOnsiY3JlYXRlIjozMDAwMDAwMDAwMDAsImRlbGV0ZSI6MzAwMDAwMDAwMDAwLCJ1cGRhdGUiOjEyMDAwMDAwMDAwMH19",
          "dependencies": [
            "module.igw.aws_internet_gateway.internet_gateway",
            "module.network.aws_vpc.vpc"
          ]
        }
      ]
    },
    {
      "module": "module.network",
      "mode": "managed",
      "type": "aws_route_table_association",
      "name": "private",
      "provider": "provider[\"registry.terraform.io/hashicorp/aws\"]",
      "instances": [
        {
          "schema_version": 0,
          "attributes": {
            "gateway_id": "",
            "id": "rtbassoc-048de0d3cbde95248",
            "route_table_id": "rtb-0fd4ad1bdfdf3916d",
            "subnet_id": "subnet-08f6c464f3227bd01",
            "timeouts": null
          },
          "sensitive_attributes": [],
          "identity_schema_version": 0,
          "private": "eyJlMmJmYjczMC1lY2FhLTExZTYtOGY4OC0zNDM2M2JjN2M0YzAiOnsiY3JlYXRlIjozMDAwMDAwMDAwMDAsImRlbGV0ZSI6MzAwMDAwMDAwMDAwLCJ1cGRhdGUiOjEyMDAwMDAwMDAwMH19",
          "dependencies": [
            "module.network.aws_eip.nat_gateway_eip",
            "module.network.aws_nat_gateway.nat_gateway",
            "module.network.aws_route_table.private_route_table",
            "module.network.aws_subnet.private_subnet",
            "module.network.aws_subnet.public_subnets",
            "module.network.aws_vpc.vpc",
            "module.network.data.aws_availability_zones.available"
          ]
        }
      ]
    },
    {
      "module": "module.network",
      "mode": "managed",
      "type": "aws_route_table_association",
      "name": "public",
      "provider": "provider[\"registry.terraform.io/hashicorp/aws\"]",
      "instances": [
        {
          "index_key": "public_subnet_1",
          "schema_version": 0,
          "attributes": {
            "gateway_id": "",
            "id": "rtbassoc-0053dec300c7ac84a",
            "route_table_id": "rtb-0649a9300477c49cb",
            "subnet_id": "subnet-07424c8d6397ea143",
            "timeouts": null
          },
          "sensitive_attributes": [],
          "identity_schema_version": 0,
          "private": "eyJlMmJmYjczMC1lY2FhLTExZTYtOGY4OC0zNDM2M2JjN2M0YzAiOnsiY3JlYXRlIjozMDAwMDAwMDAwMDAsImRlbGV0ZSI6MzAwMDAwMDAwMDAwLCJ1cGRhdGUiOjEyMDAwMDAwMDAwMH19",
          "dependencies": [
            "module.igw.aws_internet_gateway.internet_gateway",
            "module.network.aws_route_table.public_route_table",
            "module.network.aws_subnet.public_subnets",
            "module.network.aws_vpc.vpc",
            "module.network.data.aws_availability_zones.available"
          ]
        },
        {
          "index_key": "public_subnet_2",
          "schema_version": 0,
          "attributes": {
            "gateway_id": "",
            "id": "rtbassoc-0b1860dd3dcaccac1",
            "route_table_id": "rtb-0649a9300477c49cb",
            "subnet_id": "subnet-016aef76ab61c2b68",
            "timeouts": null
          },
          "sensitive_attributes": [],
          "identity_schema_version": 0,
          "private": "eyJlMmJmYjczMC1lY2FhLTExZTYtOGY4OC0zNDM2M2JjN2M0YzAiOnsiY3JlYXRlIjozMDAwMDAwMDAwMDAsImRlbGV0ZSI6MzAwMDAwMDAwMDAwLCJ1cGRhdGUiOjEyMDAwMDAwMDAwMH19",
          "dependencies": [
            "module.igw.aws_internet_gateway.internet_gateway",
            "module.network.aws_route_table.public_route_table",
            "module.network.aws_subnet.public_subnets",
            "module.network.aws_vpc.vpc",
            "module.network.data.aws_availability_zones.available"
          ]
        },
        {
          "index_key": "public_subnet_3",
          "schema_version": 0,
          "attributes": {
            "gateway_id": "",
            "id": "rtbassoc-0b2ffa5338147989e",
            "route_table_id": "rtb-0649a9300477c49cb",
            "subnet_id": "subnet-077f3f5e1222d391d",
            "timeouts": null
          },
          "sensitive_attributes": [],
          "identity_schema_version": 0,
          "private": "eyJlMmJmYjczMC1lY2FhLTExZTYtOGY4OC0zNDM2M2JjN2M0YzAiOnsiY3JlYXRlIjozMDAwMDAwMDAwMDAsImRlbGV0ZSI6MzAwMDAwMDAwMDAwLCJ1cGRhdGUiOjEyMDAwMDAwMDAwMH19",
          "dependencies": [
            "module.igw.aws_internet_gateway.internet_gateway",
            "module.network.aws_route_table.public_route_table",
            "module.network.aws_subnet.public_subnets",
            "module.network.aws_vpc.vpc",
            "module.network.data.aws_availability_zones.available"
          ]
        }
      ]
    },
    {
      "module": "module.network",
      "mode": "managed",
      "type": "aws_subnet",
      "name": "private_subnet",
      "provider": "provider[\"registry.terraform.io/hashicorp/aws\"]",
      "instances": [
        {
          "schema_version": 1,
          "attributes": {
            "arn": "arn:aws:ec2:us-east-1:351291607117:subnet/subnet-08f6c464f3227bd01",
            "assign_ipv6_address_on_creation": false,
            "availability_zone": "us-east-1a",
            "availability_zone_id": "use1-az6",
            "cidr_block": "10.0.0.0/24",
            "customer_owned_ipv4_pool": "",
            "enable_dns64": false,
            "enable_lni_at_device_index": 0,
            "enable_resource_name_dns_a_record_on_launch": false,
            "enable_resource_name_dns_aaaa_record_on_launch": false,
            "id": "subnet-08f6c464f3227bd01",
            "ipv6_cidr_block": "",
            "ipv6_cidr_block_association_id": "",
            "ipv6_native": false,
            "map_customer_owned_ip_on_launch": false,
            "map_public_ip_on_launch": false,
            "outpost_arn": "",
            "owner_id": "351291607117",
            "private_dns_hostname_type_on_launch": "ip-name",
            "tags": {
              "Name": "MEAN_private_subnet"
            },
            "tags_all": {
              "Name": "MEAN_private_subnet"
            },
            "timeouts": null,
            "vpc_id": "vpc-07a1740b16911eca8"
          },
          "sensitive_attributes": [],
          "identity_schema_version": 0,
          "private": "eyJlMmJmYjczMC1lY2FhLTExZTYtOGY4OC0zNDM2M2JjN2M0YzAiOnsiY3JlYXRlIjo2MDAwMDAwMDAwMDAsImRlbGV0ZSI6MTIwMDAwMDAwMDAwMH0sInNjaGVtYV92ZXJzaW9uIjoiMSJ9",
          "dependencies": [
            "module.network.aws_vpc.vpc"
          ]
        }
      ]
    },
    {
      "module": "module.network",
      "mode": "managed",
      "type": "aws_subnet",
      "name": "public_subnets",
      "provider": "provider[\"registry.terraform.io/hashicorp/aws\"]",
      "instances": [
        {
          "index_key": "public_subnet_1",
          "schema_version": 1,
          "attributes": {
            "arn": "arn:aws:ec2:us-east-1:351291607117:subnet/subnet-07424c8d6397ea143",
            "assign_ipv6_address_on_creation": false,
            "availability_zone": "us-east-1b",
            "availability_zone_id": "use1-az1",
            "cidr_block": "10.0.101.0/24",
            "customer_owned_ipv4_pool": "",
            "enable_dns64": false,
            "enable_lni_at_device_index": 0,
            "enable_resource_name_dns_a_record_on_launch": false,
            "enable_resource_name_dns_aaaa_record_on_launch": false,
            "id": "subnet-07424c8d6397ea143",
            "ipv6_cidr_block": "",
            "ipv6_cidr_block_association_id": "",
            "ipv6_native": false,
            "map_customer_owned_ip_on_launch": false,
            "map_public_ip_on_launch": true,
            "outpost_arn": "",
            "owner_id": "351291607117",
            "private_dns_hostname_type_on_launch": "ip-name",
            "tags": {
              "Name": "public_subnet_1",
              "Terraform": "true"
            },
            "tags_all": {
              "Name": "public_subnet_1",
              "Terraform": "true"
            },
            "timeouts": null,
            "vpc_id": "vpc-07a1740b16911eca8"
          },
          "sensitive_attributes": [],
          "identity_schema_version": 0,
          "private": "eyJlMmJmYjczMC1lY2FhLTExZTYtOGY4OC0zNDM2M2JjN2M0YzAiOnsiY3JlYXRlIjo2MDAwMDAwMDAwMDAsImRlbGV0ZSI6MTIwMDAwMDAwMDAwMH0sInNjaGVtYV92ZXJzaW9uIjoiMSJ9",
          "dependencies": [
            "module.network.aws_vpc.vpc",
            "module.network.data.aws_availability_zones.available"
          ]
        },
        {
          "index_key": "public_subnet_2",
          "schema_version": 1,
          "attributes": {
            "arn": "arn:aws:ec2:us-east-1:351291607117:subnet/subnet-016aef76ab61c2b68",
            "assign_ipv6_address_on_creation": false,
            "availability_zone": "us-east-1c",
            "availability_zone_id": "use1-az2",
            "cidr_block": "10.0.102.0/24",
            "customer_owned_ipv4_pool": "",
            "enable_dns64": false,
            "enable_lni_at_device_index": 0,
            "enable_resource_name_dns_a_record_on_launch": false,
            "enable_resource_name_dns_aaaa_record_on_launch": false,
            "id": "subnet-016aef76ab61c2b68",
            "ipv6_cidr_block": "",
            "ipv6_cidr_block_association_id": "",
            "ipv6_native": false,
            "map_customer_owned_ip_on_launch": false,
            "map_public_ip_on_launch": true,
            "outpost_arn": "",
            "owner_id": "351291607117",
            "private_dns_hostname_type_on_launch": "ip-name",
            "tags": {
              "Name": "public_subnet_2",
              "Terraform": "true"
            },
            "tags_all": {
              "Name": "public_subnet_2",
              "Terraform": "true"
            },
            "timeouts": null,
            "vpc_id": "vpc-07a1740b16911eca8"
          },
          "sensitive_attributes": [],
          "identity_schema_version": 0,
          "private": "eyJlMmJmYjczMC1lY2FhLTExZTYtOGY4OC0zNDM2M2JjN2M0YzAiOnsiY3JlYXRlIjo2MDAwMDAwMDAwMDAsImRlbGV0ZSI6MTIwMDAwMDAwMDAwMH0sInNjaGVtYV92ZXJzaW9uIjoiMSJ9",
          "dependencies": [
            "module.network.aws_vpc.vpc",
            "module.network.data.aws_availability_zones.available"
          ]
        },
        {
          "index_key": "public_subnet_3",
          "schema_version": 1,
          "attributes": {
            "arn": "arn:aws:ec2:us-east-1:351291607117:subnet/subnet-077f3f5e1222d391d",
            "assign_ipv6_address_on_creation": false,
            "availability_zone": "us-east-1d",
            "availability_zone_id": "use1-az4",
            "cidr_block": "10.0.103.0/24",
            "customer_owned_ipv4_pool": "",
            "enable_dns64": false,
            "enable_lni_at_device_index": 0,
            "enable_resource_name_dns_a_record_on_launch": false,
            "enable_resource_name_dns_aaaa_record_on_launch": false,
            "id": "subnet-077f3f5e1222d391d",
            "ipv6_cidr_block": "",
            "ipv6_cidr_block_association_id": "",
            "ipv6_native": false,
            "map_customer_owned_ip_on_launch": false,
            "map_public_ip_on_launch": true,
            "outpost_arn": "",
            "owner_id": "351291607117",
            "private_dns_hostname_type_on_launch": "ip-name",
            "tags": {
              "Name": "public_subnet_3",
              "Terraform": "true"
            },
            "tags_all": {
              "Name": "public_subnet_3",
              "Terraform": "true"
            },
            "timeouts": null,
            "vpc_id": "vpc-07a1740b16911eca8"
          },
          "sensitive_attributes": [],
          "identity_schema_version": 0,
          "private": "eyJlMmJmYjczMC1lY2FhLTExZTYtOGY4OC0zNDM2M2JjN2M0YzAiOnsiY3JlYXRlIjo2MDAwMDAwMDAwMDAsImRlbGV0ZSI6MTIwMDAwMDAwMDAwMH0sInNjaGVtYV92ZXJzaW9uIjoiMSJ9",
          "dependencies": [
            "module.network.aws_vpc.vpc",
            "module.network.data.aws_availability_zones.available"
          ]
        }
      ]
    },
    {
      "module": "module.network",
      "mode": "managed",
      "type": "aws_vpc",
      "name": "vpc",
      "provider": "provider[\"registry.terraform.io/hashicorp/aws\"]",
      "instances": [
        {
          "schema_version": 1,
          "attributes": {
            "arn": "arn:aws:ec2:us-east-1:351291607117:vpc/vpc-07a1740b16911eca8",
            "assign_generated_ipv6_cidr_block": false,
            "cidr_block": "10.0.0.0/16",
            "default_network_acl_id": "acl-0b622be2c726a13d5",
            "default_route_table_id": "rtb-0523309abf40bb2e6",
            "default_security_group_id": "sg-00f0718026ec338cd",
            "dhcp_options_id": "dopt-020705312b1063fc2",
            "enable_dns_hostnames": false,
            "enable_dns_support": true,
            "enable_network_address_usage_metrics": false,
            "id": "vpc-07a1740b16911eca8",
            "instance_tenancy": "default",
            "ipv4_ipam_pool_id": null,
            "ipv4_netmask_length": null,
            "ipv6_association_id": "",
            "ipv6_cidr_block": "",
            "ipv6_cidr_block_network_border_group": "",
            "ipv6_ipam_pool_id": "",
            "ipv6_netmask_length": 0,
            "main_route_table_id": "rtb-0523309abf40bb2e6",
            "owner_id": "351291607117",
            "tags": {
              "Name": "MEAN_vpc"
            },
            "tags_all": {
              "Name": "MEAN_vpc"
            }
          },
          "sensitive_attributes": [],
          "identity_schema_version": 0,
          "private": "eyJzY2hlbWFfdmVyc2lvbiI6IjEifQ=="
        }
      ]
    },
    {
      "module": "module.security",
      "mode": "managed",
      "type": "aws_security_group",
      "name": "mean_sg",
      "provider": "provider[\"registry.terraform.io/hashicorp/aws\"]",
      "instances": [
        {
          "schema_version": 1,
          "attributes": {
            "arn": "arn:aws:ec2:us-east-1:351291607117:security-group/sg-0e43f31f26b65a321",
            "description": "Grupo de seguridad para la instancia EC2",
            "egress": [
              {
                "cidr_blocks": [
                  "0.0.0.0/0"
                ],
                "description": "",
                "from_port": 0,
                "ipv6_cidr_blocks": [],
                "prefix_list_ids": [],
                "protocol": "-1",
                "security_groups": [],
                "self": false,
                "to_port": 0
              }
            ],
            "id": "sg-0e43f31f26b65a321",
            "ingress": [
              {
                "cidr_blocks": [
                  "0.0.0.0/0"
                ],
                "description": "Permitir acceso SSH",
                "from_port": 22,
                "ipv6_cidr_blocks": [],
                "prefix_list_ids": [],
                "protocol": "tcp",
                "security_groups": [],
                "self": false,
                "to_port": 22
              },
              {
                "cidr_blocks": [
                  "0.0.0.0/0"
                ],
                "description": "Permitir trafico HTTP",
                "from_port": 80,
                "ipv6_cidr_blocks": [],
                "prefix_list_ids": [],
                "protocol": "tcp",
                "security_groups": [],
                "self": false,
                "to_port": 80
              },
              {
                "cidr_blocks": [
                  "0.0.0.0/0"
                ],
                "description": "Permitir trafico HTTPS",
                "from_port": 443,
                "ipv6_cidr_blocks": [],
                "prefix_list_ids": [],
                "protocol": "tcp",
                "security_groups": [],
                "self": false,
                "to_port": 443
              }
            ],
            "name": "mean_sg",
            "name_prefix": "",
            "owner_id": "351291607117",
            "revoke_rules_on_delete": false,
            "tags": null,
            "tags_all": {},
            "timeouts": null,
            "vpc_id": "vpc-07a1740b16911eca8"
          },
          "sensitive_attributes": [],
          "identity_schema_version": 0,
          "private": "eyJlMmJmYjczMC1lY2FhLTExZTYtOGY4OC0zNDM2M2JjN2M0YzAiOnsiY3JlYXRlIjo2MDAwMDAwMDAwMDAsImRlbGV0ZSI6OTAwMDAwMDAwMDAwfSwic2NoZW1hX3ZlcnNpb24iOiIxIn0=",
          "dependencies": [
            "module.network.aws_vpc.vpc"
          ]
        }
      ]
    },
    {
      "module": "module.security",
      "mode": "managed",
      "type": "aws_security_group",
      "name": "mongodb_sg",
      "provider": "provider[\"registry.terraform.io/hashicorp/aws\"]",
      "instances": [
        {
          "schema_version": 1,
          "attributes": {
            "arn": "arn:aws:ec2:us-east-1:351291607117:security-group/sg-0f131277f0e30b8db",
            "description": "Grupo de seguridad para MongoDB",
            "egress": [
              {
                "cidr_blocks": [
                  "0.0.0.0/0"
                ],
                "description": "",
                "from_port": 0,
                "ipv6_cidr_blocks": [],
                "prefix_list_ids": [],
                "protocol": "-1",
                "security_groups": [],
                "self": false,
                "to_port": 0
              }
            ],
            "id": "sg-0f131277f0e30b8db",
            "ingress": [
              {
                "cidr_blocks": [
                  "0.0.0.0/0"
                ],
                "description": "Permitir acceso SSH",
                "from_port": 22,
                "ipv6_cidr_blocks": [],
                "prefix_list_ids": [],
                "protocol": "tcp",
                "security_groups": [],
                "self": false,
                "to_port": 22
              },
              {
                "cidr_blocks": [
                  "0.0.0.0/0"
                ],
                "description": "Permitir trafico desde el backend",
                "from_port": 27017,
                "ipv6_cidr_blocks": [],
                "prefix_list_ids": [],
                "protocol": "tcp",
                "security_groups": [],
                "self": false,
                "to_port": 27017
              }
            ],
            "name": "mongodb-sg",
            "name_prefix": "",
            "owner_id": "351291607117",
            "revoke_rules_on_delete": false,
            "tags": null,
            "tags_all": {},
            "timeouts": null,
            "vpc_id": "vpc-07a1740b16911eca8"
          },
          "sensitive_attributes": [],
          "identity_schema_version": 0,
          "private": "eyJlMmJmYjczMC1lY2FhLTExZTYtOGY4OC0zNDM2M2JjN2M0YzAiOnsiY3JlYXRlIjo2MDAwMDAwMDAwMDAsImRlbGV0ZSI6OTAwMDAwMDAwMDAwfSwic2NoZW1hX3ZlcnNpb24iOiIxIn0=",
          "dependencies": [
            "module.network.aws_vpc.vpc"
          ]
        }
      ]
    }
  ],
  "check_results": null
}
